
Microsoft Visual Studio Solution File, Format Version 12.00
# Visual Studio Version 17
VisualStudioVersion = 17.2.32602.215
MinimumVisualStudioVersion = 10.0.40219.1
Project("{FAE04EC0-301F-11D3-BF4B-00C04F79EFBC}") = "ExerContato", "ExerContato\ExerContato.csproj", "{31F2F24D-2501-40C4-A1BE-C596235A5306}"
EndProject
Global
	GlobalSection(SolutionConfigurationPlatforms) = preSolution
		Debug|Any CPU = Debug|Any CPU
		Release|Any CPU = Release|Any CPU
	EndGlobalSection
	GlobalSection(ProjectConfigurationPlatforms) = postSolution
		{31F2F24D-2501-40C4-A1BE-C596235A5306}.Debug|Any CPU.ActiveCfg = Debug|Any CPU
		{31F2F24D-2501-40C4-A1BE-C596235A5306}.Debug|Any CPU.Build.0 = Debug|Any CPU
		{31F2F24D-2501-40C4-A1BE-C596235A5306}.Release|Any CPU.ActiveCfg = Release|Any CPU
		{31F2F24D-2501-40C4-A1BE-C596235A5306}.Release|Any CPU.Build.0 = Release|Any CPU
	EndGlobalSection
	GlobalSection(SolutionProperties) = preSolution
		HideSolutionNode = FALSE
	EndGlobalSection
	GlobalSection(ExtensibilityGlobals) = postSolution
		SolutionGuid = {AA52AAB2-F4F9-4FAE-8757-977CB5F705C6}
	EndGlobalSection
EndGlobal
